// !$*UTF8*$!
{
	archiveVersion = 1;
	classes = {
	};
	objectVersion = 77;
	objects = {

/* Begin PBXBuildFile section */
		04492F4E304F20EF00D79A38 /* AppDelegate.swift in Sources */ = {isa = PBXBuildFile; fileRef = 04492F4D304F20EF00D79A38 /* AppDelegate.swift */; };
		04492F50304F20EF00D79A38 /* SceneDelegate.swift in Sources */ = {isa = PBXBuildFile; fileRef = 04492F4F304F20EF00D79A38 /* SceneDelegate.swift */; };
		04492F53304F20EF00D79A38 /* LaunchScreen.storyboard in Resources */ = {isa = PBXBuildFile; fileRef = 04492F51304F20EF00D79A38 /* LaunchScreen.storyboard */; };
		04492F56304F20EF00D79A38 /* Main.storyboard in Resources */ = {isa = PBXBuildFile; fileRef = 04492F54304F20EF00D79A38 /* Main.storyboard */; };
		04492F5F304F20EF00D79A38 /* AppDelegate.swift in Sources */ = {isa = PBXBuildFile; fileRef = 04492F5E304F20EF00D79A38 /* AppDelegate.swift */; };
		04492F62304F20EF00D79A38 /* Main.storyboard in Resources */ = {isa = PBXBuildFile; fileRef = 04492F60304F20EF00D79A38 /* Main.storyboard */; };
		04492F69304F20EF00D79A38 /* BelliedMonkey Translator Extension.appex in Embed Foundation Extensions */ = {isa = PBXBuildFile; fileRef = 04492F68304F20EF00D79A38 /* BelliedMonkey Translator Extension.appex */; settings = {ATTRIBUTES = (RemoveHeadersOnCopy, ); }; };
		04492F73304F20EF00D79A38 /* BelliedMonkey Translator Extension.appex in Embed Foundation Extensions */ = {isa = PBXBuildFile; fileRef = 04492F72304F20EF00D79A38 /* BelliedMonkey Translator Extension.appex */; settings = {ATTRIBUTES = (RemoveHeadersOnCopy, ); }; };
		04492F78304F20EF00D79A38 /* Main.html in Resources */ = {isa = PBXBuildFile; fileRef = 04492F3D304F20EE00D79A38 /* Main.html */; };
		04492F79304F20EF00D79A38 /* Main.html in Resources */ = {isa = PBXBuildFile; fileRef = 04492F3D304F20EE00D79A38 /* Main.html */; };
		04492F7A304F20EF00D79A38 /* Icon.png in Resources */ = {isa = PBXBuildFile; fileRef = 04492F3F304F20EE00D79A38 /* Icon.png */; };
		04492F7B304F20EF00D79A38 /* Icon.png in Resources */ = {isa = PBXBuildFile; fileRef = 04492F3F304F20EE00D79A38 /* Icon.png */; };
		04492F7C304F20EF00D79A38 /* Style.css in Resources */ = {isa = PBXBuildFile; fileRef = 04492F40304F20EE00D79A38 /* Style.css */; };
		04492F7D304F20EF00D79A38 /* Style.css in Resources */ = {isa = PBXBuildFile; fileRef = 04492F40304F20EE00D79A38 /* Style.css */; };
		04492F7E304F20EF00D79A38 /* Script.js in Resources */ = {isa = PBXBuildFile; fileRef = 04492F41304F20EE00D79A38 /* Script.js */; };
		04492F7F304F20EF00D79A38 /* Script.js in Resources */ = {isa = PBXBuildFile; fileRef = 04492F41304F20EE00D79A38 /* Script.js */; };
		04492F80304F20EF00D79A38 /* ViewController.swift in Sources */ = {isa = PBXBuildFile; fileRef = 04492F42304F20EE00D79A38 /* ViewController.swift */; };
		04492F81304F20EF00D79A38 /* ViewController.swift in Sources */ = {isa = PBXBuildFile; fileRef = 04492F42304F20EE00D79A38 /* ViewController.swift */; };
		04492F82304F20EF00D79A38 /* Assets.xcassets in Resources */ = {isa = PBXBuildFile; fileRef = 04492F43304F20EF00D79A38 /* Assets.xcassets */; };
		04492F83304F20EF00D79A38 /* Assets.xcassets in Resources */ = {isa = PBXBuildFile; fileRef = 04492F43304F20EF00D79A38 /* Assets.xcassets */; };
		04492F84304F20EF00D79A38 /* SafariWebExtensionHandler.swift in Sources */ = {isa = PBXBuildFile; fileRef = 04492F45304F20EF00D79A38 /* SafariWebExtensionHandler.swift */; };
		04492F85304F20EF00D79A38 /* SafariWebExtensionHandler.swift in Sources */ = {isa = PBXBuildFile; fileRef = 04492F45304F20EF00D79A38 /* SafariWebExtensionHandler.swift */; };
		04492FA1304F20EF00D79A38 /* options in Resources */ = {isa = PBXBuildFile; fileRef = 04492F97304F20EF00D79A38 /* options */; };
		04492FA2304F20EF00D79A38 /* popup in Resources */ = {isa = PBXBuildFile; fileRef = 04492F98304F20EF00D79A38 /* popup */; };
		04492FA3304F20EF00D79A38 /* learn in Resources */ = {isa = PBXBuildFile; fileRef = 04492F99304F20EF00D79A38 /* learn */; };
		04492FA4304F20EF00D79A38 /* background.js in Resources */ = {isa = PBXBuildFile; fileRef = 04492F9A304F20EF00D79A38 /* background.js */; };
		04492FA5304F20EF00D79A38 /* content in Resources */ = {isa = PBXBuildFile; fileRef = 04492F9B304F20EF00D79A38 /* content */; };
		04492FA6304F20EF00D79A38 /* onboard in Resources */ = {isa = PBXBuildFile; fileRef = 04492F9C304F20EF00D79A38 /* onboard */; };
		04492FA7304F20EF00D79A38 /* styles in Resources */ = {isa = PBXBuildFile; fileRef = 04492F9D304F20EF00D79A38 /* styles */; };
		04492FA8304F20EF00D79A38 /* icons in Resources */ = {isa = PBXBuildFile; fileRef = 04492F9E304F20EF00D79A38 /* icons */; };
		04492FA9304F20EF00D79A38 /* manifest.json in Resources */ = {isa = PBXBuildFile; fileRef = 04492F9F304F20EF00D79A38 /* manifest.json */; };
		04492FAA304F20EF00D79A38 /* _locales in Resources */ = {isa = PBXBuildFile; fileRef = 04492FA0304F20EF00D79A38 /* _locales */; };
		04492FAB304F20EF00D79A38 /* options in Resources */ = {isa = PBXBuildFile; fileRef = 04492F97304F20EF00D79A38 /* options */; };
		04492FAC304F20EF00D79A38 /* popup in Resources */ = {isa = PBXBuildFile; fileRef = 04492F98304F20EF00D79A38 /* popup */; };
		04492FAD304F20EF00D79A38 /* learn in Resources */ = {isa = PBXBuildFile; fileRef = 04492F99304F20EF00D79A38 /* learn */; };
		04492FAE304F20EF00D79A38 /* background.js in Resources */ = {isa = PBXBuildFile; fileRef = 04492F9A304F20EF00D79A38 /* background.js */; };
		04492FAF304F20EF00D79A38 /* content in Resources */ = {isa = PBXBuildFile; fileRef = 04492F9B304F20EF00D79A38 /* content */; };
		04492FB0304F20EF00D79A38 /* onboard in Resources */ = {isa = PBXBuildFile; fileRef = 04492F9C304F20EF00D79A38 /* onboard */; };
		04492FB1304F20EF00D79A38 /* styles in Resources */ = {isa = PBXBuildFile; fileRef = 04492F9D304F20EF00D79A38 /* styles */; };
		04492FB2304F20EF00D79A38 /* icons in Resources */ = {isa = PBXBuildFile; fileRef = 04492F9E304F20EF00D79A38 /* icons */; };
		04492FB3304F20EF00D79A38 /* manifest.json in Resources */ = {isa = PBXBuildFile; fileRef = 04492F9F304F20EF00D79A38 /* manifest.json */; };
		04492FB4304F20EF00D79A38 /* _locales in Resources */ = {isa = PBXBuildFile; fileRef = 04492FA0304F20EF00D79A38 /* _locales */; };
		MT10D06CA57E0000000011 /* LiveActivity.swift in Sources */ = {isa = PBXBuildFile; fileRef = MT10D06CA57E0000000010 /* LiveActivity.swift */; };
		MT10D06CA57E0000000014 /* MTPodcastWidget.appex in Embed Foundation Extensions */ = {isa = PBXBuildFile; fileRef = MT10D06CA57E0000000002 /* MTPodcastWidget.appex */; settings = {ATTRIBUTES = (RemoveHeadersOnCopy, ); }; };
/* End PBXBuildFile section */

/* Begin PBXContainerItemProxy section */
		04492F6A304F20EF00D79A38 /* PBXContainerItemProxy */ = {
			isa = PBXContainerItemProxy;
			containerPortal = 04492F37304F20EE00D79A38 /* Project object */;
			proxyType = 1;
			remoteGlobalIDString = 04492F67304F20EF00D79A38;
			remoteInfo = "BelliedMonkey Translator Extension (iOS)";
		};
		04492F74304F20EF00D79A38 /* PBXContainerItemProxy */ = {
			isa = PBXContainerItemProxy;
			containerPortal = 04492F37304F20EE00D79A38 /* Project object */;
			proxyType = 1;
			remoteGlobalIDString = 04492F71304F20EF00D79A38;
			remoteInfo = "BelliedMonkey Translator Extension (macOS)";
		};
		MT10D06CA57E0000000013 /* PBXContainerItemProxy */ = {
			isa = PBXContainerItemProxy;
			containerPortal = 04492F37304F20EE00D79A38 /* Project object */;
			proxyType = 1;
			remoteGlobalIDString = MT10D06CA57E0000000001;
			remoteInfo = MTPodcastWidget;
		};
/* End PBXContainerItemProxy section */

/* Begin PBXCopyFilesBuildPhase section */
		04492F8B304F20EF00D79A38 /* Embed Foundation Extensions */ = {
			isa = PBXCopyFilesBuildPhase;
			buildActionMask = 2147483647;
			dstPath = "";
			dstSubfolderSpec = 13;
			files = (
				MT10D06CA57E0000000014 /* MTPodcastWidget.appex in Embed Foundation Extensions */,
				04492F69304F20EF00D79A38 /* BelliedMonkey Translator Extension.appex in Embed Foundation Extensions */,
			);
			name = "Embed Foundation Extensions";
			runOnlyForDeploymentPostprocessing = 0;
		};
		04492F92304F20EF00D79A38 /* Embed Foundation Extensions */ = {
			isa = PBXCopyFilesBuildPhase;
			buildActionMask = 2147483647;
			dstPath = "";
			dstSubfolderSpec = 13;
			files = (
				04492F73304F20EF00D79A38 /* BelliedMonkey Translator Extension.appex in Embed Foundation Extensions */,
			);
			name = "Embed Foundation Extensions";
			runOnlyForDeploymentPostprocessing = 0;
		};
/* End PBXCopyFilesBuildPhase section */

/* Begin PBXFileReference section */
		04492F3E304F20EE00D79A38 /* Base */ = {isa = PBXFileReference; lastKnownFileType = text.html; name = Base; path = Base.lproj/Main.html; sourceTree = "<group>"; };
		04492F3F304F20EE00D79A38 /* Icon.png */ = {isa = PBXFileReference; lastKnownFileType = image.png; path = Icon.png; sourceTree = "<group>"; };
		04492F40304F20EE00D79A38 /* Style.css */ = {isa = PBXFileReference; lastKnownFileType = text.css; path = Style.css; sourceTree = "<group>"; };
		04492F41304F20EE00D79A38 /* Script.js */ = {isa = PBXFileReference; lastKnownFileType = sourcecode.javascript; path = Script.js; sourceTree = "<group>"; };
		04492F42304F20EE00D79A38 /* ViewController.swift */ = {isa = PBXFileReference; lastKnownFileType = sourcecode.swift; path = ViewController.swift; sourceTree = "<group>"; };
		04492F43304F20EF00D79A38 /* Assets.xcassets */ = {isa = PBXFileReference; lastKnownFileType = folder.assetcatalog; path = Assets.xcassets; sourceTree = "<group>"; };
		04492F45304F20EF00D79A38 /* SafariWebExtensionHandler.swift */ = {isa = PBXFileReference; lastKnownFileType = sourcecode.swift; path = SafariWebExtensionHandler.swift; sourceTree = "<group>"; };
		04492F4A304F20EF00D79A38 /* BelliedMonkey Translator.app */ = {isa = PBXFileReference; explicitFileType = wrapper.application; includeInIndex = 0; path = "BelliedMonkey Translator.app"; sourceTree = BUILT_PRODUCTS_DIR; };
		04492F4D304F20EF00D79A38 /* AppDelegate.swift */ = {isa = PBXFileReference; lastKnownFileType = sourcecode.swift; path = AppDelegate.swift; sourceTree = "<group>"; };
		04492F4F304F20EF00D79A38 /* SceneDelegate.swift */ = {isa = PBXFileReference; lastKnownFileType = sourcecode.swift; path = SceneDelegate.swift; sourceTree = "<group>"; };
		04492F52304F20EF00D79A38 /* Base */ = {isa = PBXFileReference; lastKnownFileType = file.storyboard; name = Base; path = Base.lproj/LaunchScreen.storyboard; sourceTree = "<group>"; };
		04492F55304F20EF00D79A38 /* Base */ = {isa = PBXFileReference; lastKnownFileType = file.storyboard; name = Base; path = Base.lproj/Main.storyboard; sourceTree = "<group>"; };
		04492F57304F20EF00D79A38 /* Info.plist */ = {isa = PBXFileReference; lastKnownFileType = text.plist.xml; path = Info.plist; sourceTree = "<group>"; };
		04492F5C304F20EF00D79A38 /* BelliedMonkey Translator.app */ = {isa = PBXFileReference; explicitFileType = wrapper.application; includeInIndex = 0; path = "BelliedMonkey Translator.app"; sourceTree = BUILT_PRODUCTS_DIR; };
		04492F5E304F20EF00D79A38 /* AppDelegate.swift */ = {isa = PBXFileReference; lastKnownFileType = sourcecode.swift; path = AppDelegate.swift; sourceTree = "<group>"; };
		04492F61304F20EF00D79A38 /* Base */ = {isa = PBXFileReference; lastKnownFileType = file.storyboard; name = Base; path = Base.lproj/Main.storyboard; sourceTree = "<group>"; };
		04492F63304F20EF00D79A38 /* Info.plist */ = {isa = PBXFileReference; lastKnownFileType = text.plist.xml; path = Info.plist; sourceTree = "<group>"; };
		04492F68304F20EF00D79A38 /* BelliedMonkey Translator Extension.appex */ = {isa = PBXFileReference; explicitFileType = "wrapper.app-extension"; includeInIndex = 0; path = "BelliedMonkey Translator Extension.appex"; sourceTree = BUILT_PRODUCTS_DIR; };
		04492F6D304F20EF00D79A38 /* Info.plist */ = {isa = PBXFileReference; lastKnownFileType = text.plist.xml; path = Info.plist; sourceTree = "<group>"; };
		04492F72304F20EF00D79A38 /* BelliedMonkey Translator Extension.appex */ = {isa = PBXFileReference; explicitFileType = "wrapper.app-extension"; includeInIndex = 0; path = "BelliedMonkey Translator Extension.appex"; sourceTree = BUILT_PRODUCTS_DIR; };
		04492F77304F20EF00D79A38 /* Info.plist */ = {isa = PBXFileReference; lastKnownFileType = text.plist.xml; path = Info.plist; sourceTree = "<group>"; };
		04492F97304F20EF00D79A38 /* options */ = {isa = PBXFileReference; lastKnownFileType = folder; name = options; path = ../../../dist/options; sourceTree = "<group>"; };
		04492F98304F20EF00D79A38 /* popup */ = {isa = PBXFileReference; lastKnownFileType = folder; name = popup; path = ../../../dist/popup; sourceTree = "<group>"; };
		04492F99304F20EF00D79A38 /* learn */ = {isa = PBXFileReference; lastKnownFileType = folder; name = learn; path = ../../../dist/learn; sourceTree = "<group>"; };
		04492F9A304F20EF00D79A38 /* background.js */ = {isa = PBXFileReference; lastKnownFileType = sourcecode.javascript; name = background.js; path = ../../../dist/background.js; sourceTree = "<group>"; };
		04492F9B304F20EF00D79A38 /* content */ = {isa = PBXFileReference; lastKnownFileType = folder; name = content; path = ../../../dist/content; sourceTree = "<group>"; };
		04492F9C304F20EF00D79A38 /* onboard */ = {isa = PBXFileReference; lastKnownFileType = folder; name = onboard; path = ../../../dist/onboard; sourceTree = "<group>"; };
		04492F9D304F20EF00D79A38 /* styles */ = {isa = PBXFileReference; lastKnownFileType = folder; name = styles; path = ../../../dist/styles; sourceTree = "<group>"; };
		04492F9E304F20EF00D79A38 /* icons */ = {isa = PBXFileReference; lastKnownFileType = folder; name = icons; path = ../../../dist/icons; sourceTree = "<group>"; };
		04492F9F304F20EF00D79A38 /* manifest.json */ = {isa = PBXFileReference; lastKnownFileType = text.json; name = manifest.json; path = ../../../dist/manifest.json; sourceTree = "<group>"; };
		04492FA0304F20EF00D79A38 /* _locales */ = {isa = PBXFileReference; lastKnownFileType = folder; name = _locales; path = ../../../dist/_locales; sourceTree = "<group>"; };
		MT10D06CA57E0000000010 /* LiveActivity.swift */ = {isa = PBXFileReference; lastKnownFileType = sourcecode.swift; path = LiveActivity.swift; sourceTree = "<group>"; };
		MT10D06CA57E0000000002 /* MTPodcastWidget.appex */ = {isa = PBXFileReference; explicitFileType = "wrapper.app-extension"; includeInIndex = 0; path = "MTPodcastWidget.appex"; sourceTree = BUILT_PRODUCTS_DIR; };
/* End PBXFileReference section */

/* Begin PBXFrameworksBuildPhase section */
		04492F47304F20EF00D79A38 /* Frameworks */ = {
			isa = PBXFrameworksBuildPhase;
			buildActionMask = 2147483647;
			files = (
			);
			runOnlyForDeploymentPostprocessing = 0;
		};
		04492F59304F20EF00D79A38 /* Frameworks */ = {
			isa = PBXFrameworksBuildPhase;
			buildActionMask = 2147483647;
			files = (
			);
			runOnlyForDeploymentPostprocessing = 0;
		};
		04492F65304F20EF00D79A38 /* Frameworks */ = {
			isa = PBXFrameworksBuildPhase;
			buildActionMask = 2147483647;
			files = (
			);
			runOnlyForDeploymentPostprocessing = 0;
		};
		04492F6F304F20EF00D79A38 /* Frameworks */ = {
			isa = PBXFrameworksBuildPhase;
			buildActionMask = 2147483647;
			files = (
			);
			runOnlyForDeploymentPostprocessing = 0;
		};
		MT10D06CA57E0000000005 /* Frameworks */ = {
			isa = PBXFrameworksBuildPhase;
			buildActionMask = 2147483647;
			files = (
			);
			runOnlyForDeploymentPostprocessing = 0;
		};
/* End PBXFrameworksBuildPhase section */

/* Begin PBXGroup section */
		04492F36304F20EE00D79A38 = {
			isa = PBXGroup;
			children = (
				MT10D06CA57E0000000003 /* iOS (Widget) */,
				04492F3B304F20EE00D79A38 /* Shared (App) */,
				04492F44304F20EF00D79A38 /* Shared (Extension) */,
				04492F4C304F20EF00D79A38 /* iOS (App) */,
				04492F5D304F20EF00D79A38 /* macOS (App) */,
				04492F6C304F20EF00D79A38 /* iOS (Extension) */,
				04492F76304F20EF00D79A38 /* macOS (Extension) */,
				04492F4B304F20EF00D79A38 /* Products */,
			);
			sourceTree = "<group>";
		};
		04492F3B304F20EE00D79A38 /* Shared (App) */ = {
			isa = PBXGroup;
			children = (
				04492F42304F20EE00D79A38 /* ViewController.swift */,
				04492F43304F20EF00D79A38 /* Assets.xcassets */,
				04492F3C304F20EE00D79A38 /* Resources */,
			);
			path = "Shared (App)";
			sourceTree = "<group>";
		};
		04492F3C304F20EE00D79A38 /* Resources */ = {
			isa = PBXGroup;
			children = (
				04492F3D304F20EE00D79A38 /* Main.html */,
				04492F3F304F20EE00D79A38 /* Icon.png */,
				04492F40304F20EE00D79A38 /* Style.css */,
				04492F41304F20EE00D79A38 /* Script.js */,
			);
			path = Resources;
			sourceTree = "<group>";
		};
		04492F44304F20EF00D79A38 /* Shared (Extension) */ = {
			isa = PBXGroup;
			children = (
				04492F96304F20EF00D79A38 /* Resources */,
				04492F45304F20EF00D79A38 /* SafariWebExtensionHandler.swift */,
			);
			path = "Shared (Extension)";
			sourceTree = "<group>";
		};
		04492F4B304F20EF00D79A38 /* Products */ = {
			isa = PBXGroup;
			children = (
				MT10D06CA57E0000000002 /* MTPodcastWidget.appex */,
				04492F4A304F20EF00D79A38 /* BelliedMonkey Translator.app */,
				04492F5C304F20EF00D79A38 /* BelliedMonkey Translator.app */,
				04492F68304F20EF00D79A38 /* BelliedMonkey Translator Extension.appex */,
				04492F72304F20EF00D79A38 /* BelliedMonkey Translator Extension.appex */,
			);
			name = Products;
			sourceTree = "<group>";
		};
		04492F4C304F20EF00D79A38 /* iOS (App) */ = {
			isa = PBXGroup;
			children = (
				04492F4D304F20EF00D79A38 /* AppDelegate.swift */,
				04492F4F304F20EF00D79A38 /* SceneDelegate.swift */,
				04492F51304F20EF00D79A38 /* LaunchScreen.storyboard */,
				04492F54304F20EF00D79A38 /* Main.storyboard */,
				04492F57304F20EF00D79A38 /* Info.plist */,
			);
			path = "iOS (App)";
			sourceTree = "<group>";
		};
		04492F5D304F20EF00D79A38 /* macOS (App) */ = {
			isa = PBXGroup;
			children = (
				04492F5E304F20EF00D79A38 /* AppDelegate.swift */,
				04492F60304F20EF00D79A38 /* Main.storyboard */,
				04492F63304F20EF00D79A38 /* Info.plist */,
			);
			path = "macOS (App)";
			sourceTree = "<group>";
		};
		04492F6C304F20EF00D79A38 /* iOS (Extension) */ = {
			isa = PBXGroup;
			children = (
				04492F6D304F20EF00D79A38 /* Info.plist */,
			);
			path = "iOS (Extension)";
			sourceTree = "<group>";
		};
		04492F76304F20EF00D79A38 /* macOS (Extension) */ = {
			isa = PBXGroup;
			children = (
				04492F77304F20EF00D79A38 /* Info.plist */,
			);
			path = "macOS (Extension)";
			sourceTree = "<group>";
		};
		04492F96304F20EF00D79A38 /* Resources */ = {
			isa = PBXGroup;
			children = (
				04492F97304F20EF00D79A38 /* options */,
				04492F98304F20EF00D79A38 /* popup */,
				04492F99304F20EF00D79A38 /* learn */,
				04492F9A304F20EF00D79A38 /* background.js */,
				04492F9B304F20EF00D79A38 /* content */,
				04492F9C304F20EF00D79A38 /* onboard */,
				04492F9D304F20EF00D79A38 /* styles */,
				04492F9E304F20EF00D79A38 /* icons */,
				04492F9F304F20EF00D79A38 /* manifest.json */,
				04492FA0304F20EF00D79A38 /* _locales */,
			);
			name = Resources;
			path = "Shared (Extension)";
			sourceTree = SOURCE_ROOT;
		};
		MT10D06CA57E0000000003 /* iOS (Widget) */ = {
			isa = PBXGroup;
			children = (
				MT10D06CA57E0000000010 /* LiveActivity.swift */,
			);
			path = "iOS (Widget)";
			sourceTree = SOURCE_ROOT;
		};
/* End PBXGroup section */

/* Begin PBXNativeTarget section */
		04492F49304F20EF00D79A38 /* BelliedMonkey Translator (iOS) */ = {
			isa = PBXNativeTarget;
			buildConfigurationList = 04492F8C304F20EF00D79A38 /* Build configuration list for PBXNativeTarget "BelliedMonkey Translator (iOS)" */;
			buildPhases = (
				04492F46304F20EF00D79A38 /* Sources */,
				04492F47304F20EF00D79A38 /* Frameworks */,
				04492F48304F20EF00D79A38 /* Resources */,
				04492F8B304F20EF00D79A38 /* Embed Foundation Extensions */,
			);
			buildRules = (
			);
			dependencies = (
				MT10D06CA57E0000000012 /* PBXTargetDependency */,
				04492F6B304F20EF00D79A38 /* PBXTargetDependency */,
			);
			name = "BelliedMonkey Translator (iOS)";
			packageProductDependencies = (
			);
			productName = "BelliedMonkey Translator (iOS)";
			productReference = 04492F4A304F20EF00D79A38 /* BelliedMonkey Translator.app */;
			productType = "com.apple.product-type.application";
		};
		04492F5B304F20EF00D79A38 /* BelliedMonkey Translator (macOS) */ = {
			isa = PBXNativeTarget;
			buildConfigurationList = 04492F93304F20EF00D79A38 /* Build configuration list for PBXNativeTarget "BelliedMonkey Translator (macOS)" */;
			buildPhases = (
				04492F58304F20EF00D79A38 /* Sources */,
				04492F59304F20EF00D79A38 /* Frameworks */,
				04492F5A304F20EF00D79A38 /* Resources */,
				04492F92304F20EF00D79A38 /* Embed Foundation Extensions */,
			);
			buildRules = (
			);
			dependencies = (
				04492F75304F20EF00D79A38 /* PBXTargetDependency */,
			);
			name = "BelliedMonkey Translator (macOS)";
			packageProductDependencies = (
			);
			productName = "BelliedMonkey Translator (macOS)";
			productReference = 04492F5C304F20EF00D79A38 /* BelliedMonkey Translator.app */;
			productType = "com.apple.product-type.application";
		};
		04492F67304F20EF00D79A38 /* BelliedMonkey Translator Extension (iOS) */ = {
			isa = PBXNativeTarget;
			buildConfigurationList = 04492F88304F20EF00D79A38 /* Build configuration list for PBXNativeTarget "BelliedMonkey Translator Extension (iOS)" */;
			buildPhases = (
				04492F64304F20EF00D79A38 /* Sources */,
				04492F65304F20EF00D79A38 /* Frameworks */,
				04492F66304F20EF00D79A38 /* Resources */,
			);
			buildRules = (
			);
			dependencies = (
			);
			name = "BelliedMonkey Translator Extension (iOS)";
			packageProductDependencies = (
			);
			productName = "BelliedMonkey Translator Extension (iOS)";
			productReference = 04492F68304F20EF00D79A38 /* BelliedMonkey Translator Extension.appex */;
			productType = "com.apple.product-type.app-extension";
		};
		04492F71304F20EF00D79A38 /* BelliedMonkey Translator Extension (macOS) */ = {
			isa = PBXNativeTarget;
			buildConfigurationList = 04492F8F304F20EF00D79A38 /* Build configuration list for PBXNativeTarget "BelliedMonkey Translator Extension (macOS)" */;
			buildPhases = (
				04492F6E304F20EF00D79A38 /* Sources */,
				04492F6F304F20EF00D79A38 /* Frameworks */,
				04492F70304F20EF00D79A38 /* Resources */,
			);
			buildRules = (
			);
			dependencies = (
			);
			name = "BelliedMonkey Translator Extension (macOS)";
			packageProductDependencies = (
			);
			productName = "BelliedMonkey Translator Extension (macOS)";
			productReference = 04492F72304F20EF00D79A38 /* BelliedMonkey Translator Extension.appex */;
			productType = "com.apple.product-type.app-extension";
		};
		MT10D06CA57E0000000001 /* MTPodcastWidget */ = {
			isa = PBXNativeTarget;
			/* MT_WIDGET_TARGET — patched by scripts/sync-app-assets.js */
			buildConfigurationList = MT10D06CA57E0000000007 /* Build configuration list for PBXNativeTarget "MTPodcastWidget" */;
			buildPhases = (
				MT10D06CA57E0000000004 /* Sources */,
				MT10D06CA57E0000000005 /* Frameworks */,
				MT10D06CA57E0000000006 /* Resources */,
			);
			buildRules = (
			);
			dependencies = (
			);
			name = MTPodcastWidget;
			productName = MTPodcastWidget;
			productReference = MT10D06CA57E0000000002 /* MTPodcastWidget.appex */;
			productType = "com.apple.product-type.app-extension";
		};
/* End PBXNativeTarget section */

/* Begin PBXProject section */
		04492F37304F20EE00D79A38 /* Project object */ = {
			isa = PBXProject;
			attributes = {
				BuildIndependentTargetsInParallel = 1;
				LastSwiftUpdateCheck = 2660;
				LastUpgradeCheck = 2660;
				TargetAttributes = {
					04492F49304F20EF00D79A38 = {
						CreatedOnToolsVersion = 26.6;
					};
					04492F5B304F20EF00D79A38 = {
						CreatedOnToolsVersion = 26.6;
					};
					04492F67304F20EF00D79A38 = {
						CreatedOnToolsVersion = 26.6;
					};
					04492F71304F20EF00D79A38 = {
						CreatedOnToolsVersion = 26.6;
					};
				};
			};
			buildConfigurationList = 04492F3A304F20EE00D79A38 /* Build configuration list for PBXProject "BelliedMonkey Translator" */;
			developmentRegion = en;
			hasScannedForEncodings = 0;
			knownRegions = (
				en,
				Base,
			);
			mainGroup = 04492F36304F20EE00D79A38;
			minimizedProjectReferenceProxies = 1;
			preferredProjectObjectVersion = 77;
			productRefGroup = 04492F4B304F20EF00D79A38 /* Products */;
			projectDirPath = "";
			projectRoot = "";
			targets = (
				MT10D06CA57E0000000001 /* MTPodcastWidget */,
				04492F49304F20EF00D79A38 /* BelliedMonkey Translator (iOS) */,
				04492F5B304F20EF00D79A38 /* BelliedMonkey Translator (macOS) */,
				04492F67304F20EF00D79A38 /* BelliedMonkey Translator Extension (iOS) */,
				04492F71304F20EF00D79A38 /* BelliedMonkey Translator Extension (macOS) */,
			);
		};
/* End PBXProject section */

/* Begin PBXResourcesBuildPhase section */
		04492F48304F20EF00D79A38 /* Resources */ = {
			isa = PBXResourcesBuildPhase;
			buildActionMask = 2147483647;
			files = (
				04492F7A304F20EF00D79A38 /* Icon.png in Resources */,
				04492F53304F20EF00D79A38 /* LaunchScreen.storyboard in Resources */,
				04492F78304F20EF00D79A38 /* Main.html in Resources */,
				04492F7E304F20EF00D79A38 /* Script.js in Resources */,
				04492F82304F20EF00D79A38 /* Assets.xcassets in Resources */,
				04492F56304F20EF00D79A38 /* Main.storyboard in Resources */,
				04492F7C304F20EF00D79A38 /* Style.css in Resources */,
			);
			runOnlyForDeploymentPostprocessing = 0;
		};
		04492F5A304F20EF00D79A38 /* Resources */ = {
			isa = PBXResourcesBuildPhase;
			buildActionMask = 2147483647;
			files = (
				04492F7B304F20EF00D79A38 /* Icon.png in Resources */,
				04492F7D304F20EF00D79A38 /* Style.css in Resources */,
				04492F62304F20EF00D79A38 /* Main.storyboard in Resources */,
				04492F7F304F20EF00D79A38 /* Script.js in Resources */,
				04492F83304F20EF00D79A38 /* Assets.xcassets in Resources */,
				04492F79304F20EF00D79A38 /* Main.html in Resources */,
			);
			runOnlyForDeploymentPostprocessing = 0;
		};
		04492F66304F20EF00D79A38 /* Resources */ = {
			isa = PBXResourcesBuildPhase;
			buildActionMask = 2147483647;
			files = (
				04492FB0304F20EF00D79A38 /* onboard in Resources */,
				04492FB2304F20EF00D79A38 /* icons in Resources */,
				04492FB1304F20EF00D79A38 /* styles in Resources */,
				04492FAE304F20EF00D79A38 /* background.js in Resources */,
				04492FB3304F20EF00D79A38 /* manifest.json in Resources */,
				04492FAD304F20EF00D79A38 /* learn in Resources */,
				04492FAB304F20EF00D79A38 /* options in Resources */,
				04492FAC304F20EF00D79A38 /* popup in Resources */,
				04492FB4304F20EF00D79A38 /* _locales in Resources */,
				04492FAF304F20EF00D79A38 /* content in Resources */,
			);
			runOnlyForDeploymentPostprocessing = 0;
		};
		04492F70304F20EF00D79A38 /* Resources */ = {
			isa = PBXResourcesBuildPhase;
			buildActionMask = 2147483647;
			files = (
				04492FA6304F20EF00D79A38 /* onboard in Resources */,
				04492FA8304F20EF00D79A38 /* icons in Resources */,
				04492FA7304F20EF00D79A38 /* styles in Resources */,
				04492FA4304F20EF00D79A38 /* background.js in Resources */,
				04492FA9304F20EF00D79A38 /* manifest.json in Resources */,
				04492FA3304F20EF00D79A38 /* learn in Resources */,
				04492FA1304F20EF00D79A38 /* options in Resources */,
				04492FA2304F20EF00D79A38 /* popup in Resources */,
				04492FAA304F20EF00D79A38 /* _locales in Resources */,
				04492FA5304F20EF00D79A38 /* content in Resources */,
			);
			runOnlyForDeploymentPostprocessing = 0;
		};
		MT10D06CA57E0000000006 /* Resources */ = {
			isa = PBXResourcesBuildPhase;
			buildActionMask = 2147483647;
			files = (
			);
			runOnlyForDeploymentPostprocessing = 0;
		};
/* End PBXResourcesBuildPhase section */

/* Begin PBXSourcesBuildPhase section */
		04492F46304F20EF00D79A38 /* Sources */ = {
			isa = PBXSourcesBuildPhase;
			buildActionMask = 2147483647;
			files = (
				04492F80304F20EF00D79A38 /* ViewController.swift in Sources */,
				04492F4E304F20EF00D79A38 /* AppDelegate.swift in Sources */,
				04492F50304F20EF00D79A38 /* SceneDelegate.swift in Sources */,
			);
			runOnlyForDeploymentPostprocessing = 0;
		};
		04492F58304F20EF00D79A38 /* Sources */ = {
			isa = PBXSourcesBuildPhase;
			buildActionMask = 2147483647;
			files = (
				04492F81304F20EF00D79A38 /* ViewController.swift in Sources */,
				04492F5F304F20EF00D79A38 /* AppDelegate.swift in Sources */,
			);
			runOnlyForDeploymentPostprocessing = 0;
		};
		04492F64304F20EF00D79A38 /* Sources */ = {
			isa = PBXSourcesBuildPhase;
			buildActionMask = 2147483647;
			files = (
				04492F84304F20EF00D79A38 /* SafariWebExtensionHandler.swift in Sources */,
			);
			runOnlyForDeploymentPostprocessing = 0;
		};
		04492F6E304F20EF00D79A38 /* Sources */ = {
			isa = PBXSourcesBuildPhase;
			buildActionMask = 2147483647;
			files = (
				04492F85304F20EF00D79A38 /* SafariWebExtensionHandler.swift in Sources */,
			);
			runOnlyForDeploymentPostprocessing = 0;
		};
		MT10D06CA57E0000000004 /* Sources */ = {
			isa = PBXSourcesBuildPhase;
			buildActionMask = 2147483647;
			files = (
				MT10D06CA57E0000000011 /* LiveActivity.swift in Sources */,
			);
			runOnlyForDeploymentPostprocessing = 0;
		};
/* End PBXSourcesBuildPhase section */

/* Begin PBXTargetDependency section */
		04492F6B304F20EF00D79A38 /* PBXTargetDependency */ = {
			isa = PBXTargetDependency;
			target = 04492F67304F20EF00D79A38 /* BelliedMonkey Translator Extension (iOS) */;
			targetProxy = 04492F6A304F20EF00D79A38 /* PBXContainerItemProxy */;
		};
		04492F75304F20EF00D79A38 /* PBXTargetDependency */ = {
			isa = PBXTargetDependency;
			target = 04492F71304F20EF00D79A38 /* BelliedMonkey Translator Extension (macOS) */;
			targetProxy = 04492F74304F20EF00D79A38 /* PBXContainerItemProxy */;
		};
		MT10D06CA57E0000000012 /* PBXTargetDependency */ = {
			isa = PBXTargetDependency;
			target = MT10D06CA57E0000000001 /* MTPodcastWidget */;
			targetProxy = MT10D06CA57E0000000013 /* PBXContainerItemProxy */;
		};
/* End PBXTargetDependency section */

/* Begin PBXVariantGroup section */
		04492F3D304F20EE00D79A38 /* Main.html */ = {
			isa = PBXVariantGroup;
			children = (
				04492F3E304F20EE00D79A38 /* Base */,
			);
			name = Main.html;
			sourceTree = "<group>";
		};
		04492F51304F20EF00D79A38 /* LaunchScreen.storyboard */ = {
			isa = PBXVariantGroup;
			children = (
				04492F52304F20EF00D79A38 /* Base */,
			);
			name = LaunchScreen.storyboard;
			sourceTree = "<group>";
		};
		04492F54304F20EF00D79A38 /* Main.storyboard */ = {
			isa = PBXVariantGroup;
			children = (
				04492F55304F20EF00D79A38 /* Base */,
			);
			name = Main.storyboard;
			sourceTree = "<group>";
		};
		04492F60304F20EF00D79A38 /* Main.storyboard */ = {
			isa = PBXVariantGroup;
			children = (
				04492F61304F20EF00D79A38 /* Base */,
			);
			name = Main.storyboard;
			sourceTree = "<group>";
		};
/* End PBXVariantGroup section */

/* Begin XCBuildConfiguration section */
		04492F86304F20EF00D79A38 /* Debug */ = {
			isa = XCBuildConfiguration;
			buildSettings = {
				ALWAYS_SEARCH_USER_PATHS = NO;
				ASSETCATALOG_COMPILER_GENERATE_SWIFT_ASSET_SYMBOL_EXTENSIONS = YES;
				CLANG_ANALYZER_NONNULL = YES;
				CLANG_ANALYZER_NUMBER_OBJECT_CONVERSION = YES_AGGRESSIVE;
				CLANG_CXX_LANGUAGE_STANDARD = "gnu++20";
				CLANG_ENABLE_MODULES = YES;
				CLANG_ENABLE_OBJC_ARC = YES;
				CLANG_ENABLE_OBJC_WEAK = YES;
				CLANG_WARN_BLOCK_CAPTURE_AUTORELEASING = YES;
				CLANG_WARN_BOOL_CONVERSION = YES;
				CLANG_WARN_COMMA = YES;
				CLANG_WARN_CONSTANT_CONVERSION = YES;
				CLANG_WARN_DEPRECATED_OBJC_IMPLEMENTATIONS = YES;
				CLANG_WARN_DIRECT_OBJC_ISA_USAGE = YES_ERROR;
				CLANG_WARN_DOCUMENTATION_COMMENTS = YES;
				CLANG_WARN_EMPTY_BODY = YES;
				CLANG_WARN_ENUM_CONVERSION = YES;
				CLANG_WARN_INFINITE_RECURSION = YES;
				CLANG_WARN_INT_CONVERSION = YES;
				CLANG_WARN_NON_LITERAL_NULL_CONVERSION = YES;
				CLANG_WARN_OBJC_IMPLICIT_RETAIN_SELF = YES;
				CLANG_WARN_OBJC_LITERAL_CONVERSION = YES;
				CLANG_WARN_OBJC_ROOT_CLASS = YES_ERROR;
				CLANG_WARN_QUOTED_INCLUDE_IN_FRAMEWORK_HEADER = YES;
				CLANG_WARN_RANGE_LOOP_ANALYSIS = YES;
				CLANG_WARN_STRICT_PROTOTYPES = YES;
				CLANG_WARN_SUSPICIOUS_MOVE = YES;
				CLANG_WARN_UNGUARDED_AVAILABILITY = YES_AGGRESSIVE;
				CLANG_WARN_UNREACHABLE_CODE = YES;
				CLANG_WARN__DUPLICATE_METHOD_MATCH = YES;
				COPY_PHASE_STRIP = NO;
				DEBUG_INFORMATION_FORMAT = dwarf;
				ENABLE_STRICT_OBJC_MSGSEND = YES;
				ENABLE_TESTABILITY = YES;
				ENABLE_USER_SCRIPT_SANDBOXING = YES;
				GCC_C_LANGUAGE_STANDARD = gnu17;
				GCC_DYNAMIC_NO_PIC = NO;
				GCC_NO_COMMON_BLOCKS = YES;
				GCC_OPTIMIZATION_LEVEL = 0;
				GCC_PREPROCESSOR_DEFINITIONS = (
					"DEBUG=1",
					"$(inherited)",
				);
				GCC_WARN_64_TO_32_BIT_CONVERSION = YES;
				GCC_WARN_ABOUT_RETURN_TYPE = YES_ERROR;
				GCC_WARN_UNDECLARED_SELECTOR = YES;
				GCC_WARN_UNINITIALIZED_AUTOS = YES_AGGRESSIVE;
				GCC_WARN_UNUSED_FUNCTION = YES;
				GCC_WARN_UNUSED_VARIABLE = YES;
				LOCALIZATION_PREFERS_STRING_CATALOGS = YES;
				MTL_ENABLE_DEBUG_INFO = INCLUDE_SOURCE;
				MTL_FAST_MATH = YES;
				ONLY_ACTIVE_ARCH = YES;
				SWIFT_ACTIVE_COMPILATION_CONDITIONS = "DEBUG $(inherited)";
				SWIFT_OPTIMIZATION_LEVEL = "-Onone";
			};
			name = Debug;
		};
		04492F87304F20EF00D79A38 /* Release */ = {
			isa = XCBuildConfiguration;
			buildSettings = {
				ALWAYS_SEARCH_USER_PATHS = NO;
				ASSETCATALOG_COMPILER_GENERATE_SWIFT_ASSET_SYMBOL_EXTENSIONS = YES;
				CLANG_ANALYZER_NONNULL = YES;
				CLANG_ANALYZER_NUMBER_OBJECT_CONVERSION = YES_AGGRESSIVE;
				CLANG_CXX_LANGUAGE_STANDARD = "gnu++20";
				CLANG_ENABLE_MODULES = YES;
				CLANG_ENABLE_OBJC_ARC = YES;
				CLANG_ENABLE_OBJC_WEAK = YES;
				CLANG_WARN_BLOCK_CAPTURE_AUTORELEASING = YES;
				CLANG_WARN_BOOL_CONVERSION = YES;
				CLANG_WARN_COMMA = YES;
				CLANG_WARN_CONSTANT_CONVERSION = YES;
				CLANG_WARN_DEPRECATED_OBJC_IMPLEMENTATIONS = YES;
				CLANG_WARN_DIRECT_OBJC_ISA_USAGE = YES_ERROR;
				CLANG_WARN_DOCUMENTATION_COMMENTS = YES;
				CLANG_WARN_EMPTY_BODY = YES;
				CLANG_WARN_ENUM_CONVERSION = YES;
				CLANG_WARN_INFINITE_RECURSION = YES;
				CLANG_WARN_INT_CONVERSION = YES;
				CLANG_WARN_NON_LITERAL_NULL_CONVERSION = YES;
				CLANG_WARN_OBJC_IMPLICIT_RETAIN_SELF = YES;
				CLANG_WARN_OBJC_LITERAL_CONVERSION = YES;
				CLANG_WARN_OBJC_ROOT_CLASS = YES_ERROR;
				CLANG_WARN_QUOTED_INCLUDE_IN_FRAMEWORK_HEADER = YES;
				CLANG_WARN_RANGE_LOOP_ANALYSIS = YES;
				CLANG_WARN_STRICT_PROTOTYPES = YES;
				CLANG_WARN_SUSPICIOUS_MOVE = YES;
				CLANG_WARN_UNGUARDED_AVAILABILITY = YES_AGGRESSIVE;
				CLANG_WARN_UNREACHABLE_CODE = YES;
				CLANG_WARN__DUPLICATE_METHOD_MATCH = YES;
				COPY_PHASE_STRIP = NO;
				DEBUG_INFORMATION_FORMAT = "dwarf-with-dsym";
				ENABLE_NS_ASSERTIONS = NO;
				ENABLE_STRICT_OBJC_MSGSEND = YES;
				ENABLE_USER_SCRIPT_SANDBOXING = YES;
				GCC_C_LANGUAGE_STANDARD = gnu17;
				GCC_NO_COMMON_BLOCKS = YES;
				GCC_WARN_64_TO_32_BIT_CONVERSION = YES;
				GCC_WARN_ABOUT_RETURN_TYPE = YES_ERROR;
				GCC_WARN_UNDECLARED_SELECTOR = YES;
				GCC_WARN_UNINITIALIZED_AUTOS = YES_AGGRESSIVE;
				GCC_WARN_UNUSED_FUNCTION = YES;
				GCC_WARN_UNUSED_VARIABLE = YES;
				LOCALIZATION_PREFERS_STRING_CATALOGS = YES;
				MTL_ENABLE_DEBUG_INFO = NO;
				MTL_FAST_MATH = YES;
				SWIFT_COMPILATION_MODE = wholemodule;
			};
			name = Release;
		};
		04492F89304F20EF00D79A38 /* Debug */ = {
			isa = XCBuildConfiguration;
			buildSettings = {
				CODE_SIGN_STYLE = Automatic;
				CURRENT_PROJECT_VERSION = 1;
				GENERATE_INFOPLIST_FILE = YES;
				INFOPLIST_FILE = "iOS (Extension)/Info.plist";
				INFOPLIST_KEY_CFBundleDisplayName = "大肚猴翻译";
				INFOPLIST_KEY_NSHumanReadableCopyright = "";
				IPHONEOS_DEPLOYMENT_TARGET = 15.0;
				LD_RUNPATH_SEARCH_PATHS = (
					"$(inherited)",
					"@executable_path/Frameworks",
					"@executable_path/../../Frameworks",
				);
				MARKETING_VERSION = 1.9.0;
				OTHER_LDFLAGS = (
					"-framework",
					SafariServices,
				);
				PRODUCT_BUNDLE_IDENTIFIER = com.belliedmonkeytranslator.extension;
				PRODUCT_NAME = "BelliedMonkey Translator Extension";
				SDKROOT = iphoneos;
				SKIP_INSTALL = YES;
				STRING_CATALOG_GENERATE_SYMBOLS = YES;
				SWIFT_APPROACHABLE_CONCURRENCY = YES;
				SWIFT_EMIT_LOC_STRINGS = YES;
				SWIFT_UPCOMING_FEATURE_MEMBER_IMPORT_VISIBILITY = YES;
				SWIFT_VERSION = 5.0;
				TARGETED_DEVICE_FAMILY = "1,2";
			};
			name = Debug;
		};
		04492F8A304F20EF00D79A38 /* Release */ = {
			isa = XCBuildConfiguration;
			buildSettings = {
				CODE_SIGN_STYLE = Automatic;
				CURRENT_PROJECT_VERSION = 1;
				GENERATE_INFOPLIST_FILE = YES;
				INFOPLIST_FILE = "iOS (Extension)/Info.plist";
				INFOPLIST_KEY_CFBundleDisplayName = "大肚猴翻译";
				INFOPLIST_KEY_NSHumanReadableCopyright = "";
				IPHONEOS_DEPLOYMENT_TARGET = 15.0;
				LD_RUNPATH_SEARCH_PATHS = (
					"$(inherited)",
					"@executable_path/Frameworks",
					"@executable_path/../../Frameworks",
				);
				MARKETING_VERSION = 1.9.0;
				OTHER_LDFLAGS = (
					"-framework",
					SafariServices,
				);
				PRODUCT_BUNDLE_IDENTIFIER = com.belliedmonkeytranslator.extension;
				PRODUCT_NAME = "BelliedMonkey Translator Extension";
				SDKROOT = iphoneos;
				SKIP_INSTALL = YES;
				STRING_CATALOG_GENERATE_SYMBOLS = YES;
				SWIFT_APPROACHABLE_CONCURRENCY = YES;
				SWIFT_EMIT_LOC_STRINGS = YES;
				SWIFT_UPCOMING_FEATURE_MEMBER_IMPORT_VISIBILITY = YES;
				SWIFT_VERSION = 5.0;
				TARGETED_DEVICE_FAMILY = "1,2";
				VALIDATE_PRODUCT = YES;
			};
			name = Release;
		};
		04492F8D304F20EF00D79A38 /* Debug */ = {
			isa = XCBuildConfiguration;
			buildSettings = {
				ASSETCATALOG_COMPILER_APPICON_NAME = AppIcon;
				ASSETCATALOG_COMPILER_GLOBAL_ACCENT_COLOR_NAME = AccentColor;
				CODE_SIGN_STYLE = Automatic;
				CURRENT_PROJECT_VERSION = 1;
				GENERATE_INFOPLIST_FILE = YES;
				CODE_SIGN_ENTITLEMENTS = "Shared (App)/app.entitlements";
				INFOPLIST_FILE = "iOS (App)/Info.plist";
				INFOPLIST_KEY_CFBundleDisplayName = "大肚猴翻译";
				INFOPLIST_KEY_UIApplicationSupportsIndirectInputEvents = YES;
				INFOPLIST_KEY_UILaunchStoryboardName = LaunchScreen;
				INFOPLIST_KEY_UIMainStoryboardFile = Main;
				INFOPLIST_KEY_UISupportedInterfaceOrientations = "UIInterfaceOrientationPortrait UIInterfaceOrientationLandscapeLeft UIInterfaceOrientationLandscapeRight";
				INFOPLIST_KEY_UISupportedInterfaceOrientations_iPad = "UIInterfaceOrientationPortrait UIInterfaceOrientationPortraitUpsideDown UIInterfaceOrientationLandscapeLeft UIInterfaceOrientationLandscapeRight";
				IPHONEOS_DEPLOYMENT_TARGET = 15.0;
				LD_RUNPATH_SEARCH_PATHS = (
					"$(inherited)",
					"@executable_path/Frameworks",
				);
				MARKETING_VERSION = 1.9.0;
				OTHER_LDFLAGS = (
					"-framework",
					SafariServices,
					"-framework",
					WebKit,
				);
				INFOPLIST_KEY_ITSAppUsesNonExemptEncryption = NO;
				INFOPLIST_KEY_LSApplicationCategoryType = "public.app-category.utilities";
				PRODUCT_BUNDLE_IDENTIFIER = com.belliedmonkeytranslator;
				PRODUCT_NAME = "BelliedMonkey Translator";
				SDKROOT = iphoneos;
				STRING_CATALOG_GENERATE_SYMBOLS = YES;
				SWIFT_APPROACHABLE_CONCURRENCY = YES;
				SWIFT_DEFAULT_ACTOR_ISOLATION = MainActor;
				SWIFT_EMIT_LOC_STRINGS = YES;
				SWIFT_UPCOMING_FEATURE_MEMBER_IMPORT_VISIBILITY = YES;
				SWIFT_VERSION = 5.0;
				TARGETED_DEVICE_FAMILY = "1,2";
			};
			name = Debug;
		};
		04492F8E304F20EF00D79A38 /* Release */ = {
			isa = XCBuildConfiguration;
			buildSettings = {
				ASSETCATALOG_COMPILER_APPICON_NAME = AppIcon;
				ASSETCATALOG_COMPILER_GLOBAL_ACCENT_COLOR_NAME = AccentColor;
				CODE_SIGN_STYLE = Automatic;
				CURRENT_PROJECT_VERSION = 1;
				GENERATE_INFOPLIST_FILE = YES;
				CODE_SIGN_ENTITLEMENTS = "Shared (App)/app.entitlements";
				INFOPLIST_FILE = "iOS (App)/Info.plist";
				INFOPLIST_KEY_CFBundleDisplayName = "大肚猴翻译";
				INFOPLIST_KEY_UIApplicationSupportsIndirectInputEvents = YES;
				INFOPLIST_KEY_UILaunchStoryboardName = LaunchScreen;
				INFOPLIST_KEY_UIMainStoryboardFile = Main;
				INFOPLIST_KEY_UISupportedInterfaceOrientations = "UIInterfaceOrientationPortrait UIInterfaceOrientationLandscapeLeft UIInterfaceOrientationLandscapeRight";
				INFOPLIST_KEY_UISupportedInterfaceOrientations_iPad = "UIInterfaceOrientationPortrait UIInterfaceOrientationPortraitUpsideDown UIInterfaceOrientationLandscapeLeft UIInterfaceOrientationLandscapeRight";
				IPHONEOS_DEPLOYMENT_TARGET = 15.0;
				LD_RUNPATH_SEARCH_PATHS = (
					"$(inherited)",
					"@executable_path/Frameworks",
				);
				MARKETING_VERSION = 1.9.0;
				OTHER_LDFLAGS = (
					"-framework",
					SafariServices,
					"-framework",
					WebKit,
				);
				INFOPLIST_KEY_ITSAppUsesNonExemptEncryption = NO;
				INFOPLIST_KEY_LSApplicationCategoryType = "public.app-category.utilities";
				PRODUCT_BUNDLE_IDENTIFIER = com.belliedmonkeytranslator;
				PRODUCT_NAME = "BelliedMonkey Translator";
				SDKROOT = iphoneos;
				STRING_CATALOG_GENERATE_SYMBOLS = YES;
				SWIFT_APPROACHABLE_CONCURRENCY = YES;
				SWIFT_DEFAULT_ACTOR_ISOLATION = MainActor;
				SWIFT_EMIT_LOC_STRINGS = YES;
				SWIFT_UPCOMING_FEATURE_MEMBER_IMPORT_VISIBILITY = YES;
				SWIFT_VERSION = 5.0;
				TARGETED_DEVICE_FAMILY = "1,2";
				VALIDATE_PRODUCT = YES;
			};
			name = Release;
		};
		04492F90304F20EF00D79A38 /* Debug */ = {
			isa = XCBuildConfiguration;
			buildSettings = {
				CODE_SIGN_STYLE = Automatic;
				CURRENT_PROJECT_VERSION = 1;
				ENABLE_APP_SANDBOX = YES;
				ENABLE_HARDENED_RUNTIME = YES;
				ENABLE_USER_SELECTED_FILES = readonly;
				GENERATE_INFOPLIST_FILE = YES;
				INFOPLIST_FILE = "macOS (Extension)/Info.plist";
				INFOPLIST_KEY_CFBundleDisplayName = "大肚猴翻译";
				INFOPLIST_KEY_NSHumanReadableCopyright = "";
				LD_RUNPATH_SEARCH_PATHS = (
					"$(inherited)",
					"@executable_path/../Frameworks",
					"@executable_path/../../../../Frameworks",
				);
				MACOSX_DEPLOYMENT_TARGET = 10.14;
				MARKETING_VERSION = 1.9.0;
				OTHER_LDFLAGS = (
					"-framework",
					SafariServices,
				);
				PRODUCT_BUNDLE_IDENTIFIER = com.belliedmonkeytranslator.extension;
				PRODUCT_NAME = "BelliedMonkey Translator Extension";
				SDKROOT = macosx;
				SKIP_INSTALL = YES;
				STRING_CATALOG_GENERATE_SYMBOLS = YES;
				SWIFT_APPROACHABLE_CONCURRENCY = YES;
				SWIFT_EMIT_LOC_STRINGS = YES;
				SWIFT_UPCOMING_FEATURE_MEMBER_IMPORT_VISIBILITY = YES;
				SWIFT_VERSION = 5.0;
			};
			name = Debug;
		};
		04492F91304F20EF00D79A38 /* Release */ = {
			isa = XCBuildConfiguration;
			buildSettings = {
				CODE_SIGN_STYLE = Automatic;
				CURRENT_PROJECT_VERSION = 1;
				ENABLE_APP_SANDBOX = YES;
				ENABLE_HARDENED_RUNTIME = YES;
				ENABLE_USER_SELECTED_FILES = readonly;
				GENERATE_INFOPLIST_FILE = YES;
				INFOPLIST_FILE = "macOS (Extension)/Info.plist";
				INFOPLIST_KEY_CFBundleDisplayName = "大肚猴翻译";
				INFOPLIST_KEY_NSHumanReadableCopyright = "";
				LD_RUNPATH_SEARCH_PATHS = (
					"$(inherited)",
					"@executable_path/../Frameworks",
					"@executable_path/../../../../Frameworks",
				);
				MACOSX_DEPLOYMENT_TARGET = 10.14;
				MARKETING_VERSION = 1.9.0;
				OTHER_LDFLAGS = (
					"-framework",
					SafariServices,
				);
				PRODUCT_BUNDLE_IDENTIFIER = com.belliedmonkeytranslator.extension;
				PRODUCT_NAME = "BelliedMonkey Translator Extension";
				SDKROOT = macosx;
				SKIP_INSTALL = YES;
				STRING_CATALOG_GENERATE_SYMBOLS = YES;
				SWIFT_APPROACHABLE_CONCURRENCY = YES;
				SWIFT_EMIT_LOC_STRINGS = YES;
				SWIFT_UPCOMING_FEATURE_MEMBER_IMPORT_VISIBILITY = YES;
				SWIFT_VERSION = 5.0;
			};
			name = Release;
		};
		04492F94304F20EF00D79A38 /* Debug */ = {
			isa = XCBuildConfiguration;
			buildSettings = {
				ASSETCATALOG_COMPILER_APPICON_NAME = AppIcon;
				ASSETCATALOG_COMPILER_GLOBAL_ACCENT_COLOR_NAME = AccentColor;
				CODE_SIGN_STYLE = Automatic;
				CURRENT_PROJECT_VERSION = 1;
				ENABLE_APP_SANDBOX = YES;
				ENABLE_RESOURCE_ACCESS_AUDIO_INPUT = YES;
				ENABLE_HARDENED_RUNTIME = YES;
				ENABLE_OUTGOING_NETWORK_CONNECTIONS = YES;
				ENABLE_USER_SELECTED_FILES = readonly;
				GENERATE_INFOPLIST_FILE = YES;
				CODE_SIGN_ENTITLEMENTS = "Shared (App)/app.entitlements";
				INFOPLIST_FILE = "macOS (App)/Info.plist";
				INFOPLIST_KEY_CFBundleDisplayName = "大肚猴翻译";
				INFOPLIST_KEY_NSMainStoryboardFile = Main;
				INFOPLIST_KEY_NSPrincipalClass = NSApplication;
				LD_RUNPATH_SEARCH_PATHS = (
					"$(inherited)",
					"@executable_path/../Frameworks",
				);
				MACOSX_DEPLOYMENT_TARGET = 10.14;
				MARKETING_VERSION = 1.9.0;
				OTHER_LDFLAGS = (
					"-framework",
					SafariServices,
					"-framework",
					WebKit,
				);
				INFOPLIST_KEY_ITSAppUsesNonExemptEncryption = NO;
				INFOPLIST_KEY_LSApplicationCategoryType = "public.app-category.utilities";
				PRODUCT_BUNDLE_IDENTIFIER = com.belliedmonkeytranslator;
				PRODUCT_NAME = "BelliedMonkey Translator";
				REGISTER_APP_GROUPS = YES;
				SDKROOT = macosx;
				STRING_CATALOG_GENERATE_SYMBOLS = YES;
				SWIFT_APPROACHABLE_CONCURRENCY = YES;
				SWIFT_DEFAULT_ACTOR_ISOLATION = MainActor;
				SWIFT_EMIT_LOC_STRINGS = YES;
				SWIFT_UPCOMING_FEATURE_MEMBER_IMPORT_VISIBILITY = YES;
				SWIFT_VERSION = 5.0;
			};
			name = Debug;
		};
		04492F95304F20EF00D79A38 /* Release */ = {
			isa = XCBuildConfiguration;
			buildSettings = {
				ASSETCATALOG_COMPILER_APPICON_NAME = AppIcon;
				ASSETCATALOG_COMPILER_GLOBAL_ACCENT_COLOR_NAME = AccentColor;
				CODE_SIGN_STYLE = Automatic;
				CURRENT_PROJECT_VERSION = 1;
				ENABLE_APP_SANDBOX = YES;
				ENABLE_RESOURCE_ACCESS_AUDIO_INPUT = YES;
				ENABLE_HARDENED_RUNTIME = YES;
				ENABLE_OUTGOING_NETWORK_CONNECTIONS = YES;
				ENABLE_USER_SELECTED_FILES = readonly;
				GENERATE_INFOPLIST_FILE = YES;
				CODE_SIGN_ENTITLEMENTS = "Shared (App)/app.entitlements";
				INFOPLIST_FILE = "macOS (App)/Info.plist";
				INFOPLIST_KEY_CFBundleDisplayName = "大肚猴翻译";
				INFOPLIST_KEY_NSMainStoryboardFile = Main;
				INFOPLIST_KEY_NSPrincipalClass = NSApplication;
				LD_RUNPATH_SEARCH_PATHS = (
					"$(inherited)",
					"@executable_path/../Frameworks",
				);
				MACOSX_DEPLOYMENT_TARGET = 10.14;
				MARKETING_VERSION = 1.9.0;
				OTHER_LDFLAGS = (
					"-framework",
					SafariServices,
					"-framework",
					WebKit,
				);
				INFOPLIST_KEY_ITSAppUsesNonExemptEncryption = NO;
				INFOPLIST_KEY_LSApplicationCategoryType = "public.app-category.utilities";
				PRODUCT_BUNDLE_IDENTIFIER = com.belliedmonkeytranslator;
				PRODUCT_NAME = "BelliedMonkey Translator";
				REGISTER_APP_GROUPS = YES;
				SDKROOT = macosx;
				STRING_CATALOG_GENERATE_SYMBOLS = YES;
				SWIFT_APPROACHABLE_CONCURRENCY = YES;
				SWIFT_DEFAULT_ACTOR_ISOLATION = MainActor;
				SWIFT_EMIT_LOC_STRINGS = YES;
				SWIFT_UPCOMING_FEATURE_MEMBER_IMPORT_VISIBILITY = YES;
				SWIFT_VERSION = 5.0;
			};
			name = Release;
		};
		MT10D06CA57E0000000008 /* Debug */ = {
			isa = XCBuildConfiguration;
			buildSettings = {
				ASSETCATALOG_COMPILER_GLOBAL_ACCENT_COLOR_NAME = AccentColor;
				CODE_SIGN_STYLE = Automatic;
				CURRENT_PROJECT_VERSION = 1;
				GENERATE_INFOPLIST_FILE = YES;
				INFOPLIST_FILE = "iOS (Widget)/Info.plist";
				INFOPLIST_KEY_CFBundleDisplayName = "大肚猴翻译";
				INFOPLIST_KEY_NSHumanReadableCopyright = "";
				IPHONEOS_DEPLOYMENT_TARGET = 16.1;
				LD_RUNPATH_SEARCH_PATHS = (
					"$(inherited)",
					"@executable_path/Frameworks",
					"@executable_path/../../Frameworks",
				);
				MARKETING_VERSION = 1.9.0;
				PRODUCT_BUNDLE_IDENTIFIER = com.belliedmonkeytranslator.MTPodcastWidget;
				PRODUCT_NAME = "$(TARGET_NAME)";
				SDKROOT = iphoneos;
				SKIP_INSTALL = YES;
				SWIFT_EMIT_LOC_STRINGS = YES;
				SWIFT_VERSION = 5.0;
				TARGETED_DEVICE_FAMILY = "1,2";
			};
			name = Debug;
		};
		MT10D06CA57E0000000009 /* Release */ = {
			isa = XCBuildConfiguration;
			buildSettings = {
				ASSETCATALOG_COMPILER_GLOBAL_ACCENT_COLOR_NAME = AccentColor;
				CODE_SIGN_STYLE = Automatic;
				CURRENT_PROJECT_VERSION = 1;
				GENERATE_INFOPLIST_FILE = YES;
				INFOPLIST_FILE = "iOS (Widget)/Info.plist";
				INFOPLIST_KEY_CFBundleDisplayName = "大肚猴翻译";
				INFOPLIST_KEY_NSHumanReadableCopyright = "";
				IPHONEOS_DEPLOYMENT_TARGET = 16.1;
				LD_RUNPATH_SEARCH_PATHS = (
					"$(inherited)",
					"@executable_path/Frameworks",
					"@executable_path/../../Frameworks",
				);
				MARKETING_VERSION = 1.9.0;
				PRODUCT_BUNDLE_IDENTIFIER = com.belliedmonkeytranslator.MTPodcastWidget;
				PRODUCT_NAME = "$(TARGET_NAME)";
				SDKROOT = iphoneos;
				SKIP_INSTALL = YES;
				SWIFT_EMIT_LOC_STRINGS = YES;
				SWIFT_VERSION = 5.0;
				TARGETED_DEVICE_FAMILY = "1,2";
			};
			name = Release;
		};
/* End XCBuildConfiguration section */

/* Begin XCConfigurationList section */
		04492F3A304F20EE00D79A38 /* Build configuration list for PBXProject "BelliedMonkey Translator" */ = {
			isa = XCConfigurationList;
			buildConfigurations = (
				04492F86304F20EF00D79A38 /* Debug */,
				04492F87304F20EF00D79A38 /* Release */,
			);
			defaultConfigurationIsVisible = 0;
			defaultConfigurationName = Release;
		};
		04492F88304F20EF00D79A38 /* Build configuration list for PBXNativeTarget "BelliedMonkey Translator Extension (iOS)" */ = {
			isa = XCConfigurationList;
			buildConfigurations = (
				04492F89304F20EF00D79A38 /* Debug */,
				04492F8A304F20EF00D79A38 /* Release */,
			);
			defaultConfigurationIsVisible = 0;
			defaultConfigurationName = Release;
		};
		04492F8C304F20EF00D79A38 /* Build configuration list for PBXNativeTarget "BelliedMonkey Translator (iOS)" */ = {
			isa = XCConfigurationList;
			buildConfigurations = (
				04492F8D304F20EF00D79A38 /* Debug */,
				04492F8E304F20EF00D79A38 /* Release */,
			);
			defaultConfigurationIsVisible = 0;
			defaultConfigurationName = Release;
		};
		04492F8F304F20EF00D79A38 /* Build configuration list for PBXNativeTarget "BelliedMonkey Translator Extension (macOS)" */ = {
			isa = XCConfigurationList;
			buildConfigurations = (
				04492F90304F20EF00D79A38 /* Debug */,
				04492F91304F20EF00D79A38 /* Release */,
			);
			defaultConfigurationIsVisible = 0;
			defaultConfigurationName = Release;
		};
		04492F93304F20EF00D79A38 /* Build configuration list for PBXNativeTarget "BelliedMonkey Translator (macOS)" */ = {
			isa = XCConfigurationList;
			buildConfigurations = (
				04492F94304F20EF00D79A38 /* Debug */,
				04492F95304F20EF00D79A38 /* Release */,
			);
			defaultConfigurationIsVisible = 0;
			defaultConfigurationName = Release;
		};
		MT10D06CA57E0000000007 /* Build configuration list for PBXNativeTarget "MTPodcastWidget" */ = {
			isa = XCConfigurationList;
			buildConfigurations = (
				MT10D06CA57E0000000008 /* Debug */,
				MT10D06CA57E0000000009 /* Release */,
			);
			defaultConfigurationIsVisible = 0;
			defaultConfigurationName = Release;
		};
/* End XCConfigurationList section */
	};
	rootObject = 04492F37304F20EE00D79A38 /* Project object */;
}
